
Microsoft Visual Studio Solution File, Format Version 12.00
# Visual Studio Version 17
VisualStudioVersion = 17.3.32929.385
MinimumVisualStudioVersion = 10.0.40219.1
Project("{FAE04EC0-301F-11D3-BF4B-00C04F79EFBC}") = "DataStructureAlgorithm", "DataStructureAlgorithm.csproj", "{A8D0B850-897A-43B9-979B-EC508665F965}"
EndProject
Global
	GlobalSection(SolutionConfigurationPlatforms) = preSolution
		Debug|Any CPU = Debug|Any CPU
		Release|Any CPU = Release|Any CPU
	EndGlobalSection
	GlobalSection(ProjectConfigurationPlatforms) = postSolution
		{A8D0B850-897A-43B9-979B-EC508665F965}.Debug|Any CPU.ActiveCfg = Debug|Any CPU
		{A8D0B850-897A-43B9-979B-EC508665F965}.Debug|Any CPU.Build.0 = Debug|Any CPU
		{A8D0B850-897A-43B9-979B-EC508665F965}.Release|Any CPU.ActiveCfg = Release|Any CPU
		{A8D0B850-897A-43B9-979B-EC508665F965}.Release|Any CPU.Build.0 = Release|Any CPU
	EndGlobalSection
	GlobalSection(SolutionProperties) = preSolution
		HideSolutionNode = FALSE
	EndGlobalSection
	GlobalSection(ExtensibilityGlobals) = postSolution
		SolutionGuid = {43FCE8C3-3BC2-4B41-AB09-B6C052BCE808}
	EndGlobalSection
EndGlobal
